github.com/davecgh/go-spew v1.1.1/go.mod h1:J7Y8YcW2NihsgmVo/mv3lAwl/skON4iLHjSsI+c5H38=
github.com/go-msvc/assert v1.0.0 h1:6U3QvvtI5GOOPYNqDhXwkV+Lzp7FFChKXMZrfVy7tUA=
github.com/go-msvc/config v0.0.2 h1:yftmejx0JMt7pAgDMZClL5W9B+Tqh/z7/zeTMMaGFIc=
github.com/go-msvc/config v0.0.2/go.mod h1:DsKza/VM+lzy7B0518/C00fpwwX0YktFDNcP1npMjSg=
github.com/go-msvc/data v1.0.1 h1:dLOdPGXva/4857v9UV2D2PzEXctBztYgAjgts9gMNPg=
github.com/go-msvc/data v1.0.1/go.mod h1:+fx5vNSdAEE7sZNjYrKP+BYmHcKs0ieX5F+MO/pu53c=
github.com/go-msvc/errors v1.2.0 h1:fTZypG1qs7lDtYfGYKDey62lMCT5ClsyxeMysrxNo0g=
github.com/go-msvc/errors v1.2.0/go.mod h1:dbMiCuWpUiARCkC19IDEpcGIx11VYWq1+vGfF0NAenA=
github.com/go-msvc/logger v1.0.0 h1:OELJmIpXSRLnbmy4UMc1IWQiQBH5ODZDjeofc540Lzg=
github.com/go-msvc/logger v1.0.0/go.mod h1:qHIjKcyl03uKxD2SrJa6UqSfp0RuOiuOSyb8i1NLhKw=
github.com/go-msvc/nats-utils v0.0.0-20230212131622-3fa4c2461402 h1:0MILzI0RhWXE9JFigNvcB96oGM/5z8gbhaQoEUayaQE=
github.com/go-msvc/nats-utils v0.0.0-20230212131622-3fa4c2461402/go.mod h1:yfrV+s7V4UHfkgD/rUxm9gLfwYB14WRXjoxlc0nltFU=
github.com/mediocregopher/radix/v3 v3.8.1 h1:rOkHflVuulFKlwsLY01/M2cM2tWCjDoETcMqKbAWu1M=
github.com/mediocregopher/radix/v3 v3.8.1/go.mod h1:8FL3F6UQRXHXIBSPUs5h0RybMF8i4n7wVopoX3x7Bv8=
github.com/pmezard/go-difflib v1.0.0/go.mod h1:iKH77koFhYxTK1pcRnkKkqfTogsbg7gZNVY4sRDYZ/4=
github.com/stretchr/testify v1.2.2/go.mod h1:a8OnRcib4nhh0OaRAV+Yts87kKdq0PP7pXfy6kDkUVs=
golang.org/x/xerrors v0.0.0-20191011141410-1b5146add898 h1:/atklqdjdhuosWIl6AIbOeHJjicWYPqR9bpxqxYG2pA=
golang.org/x/xerrors v0.0.0-20191011141410-1b5146add898/go.mod h1:I/5z698sn9Ka8TeJc9MKroUUfqBBauWjQqLJ2OPfmY0=
